
Microsoft Visual Studio Solution File, Format Version 12.00
# Visual Studio Version 16
VisualStudioVersion = 16.0.30717.126
MinimumVisualStudioVersion = 10.0.40219.1
Project("{FAE04EC0-301F-11D3-BF4B-00C04F79EFBC}") = "CLIM", "CLIM\CLIM.csproj", "{402F388A-DC96-429B-A921-21AD0F09BF0F}"
EndProject
Project("{FAE04EC0-301F-11D3-BF4B-00C04F79EFBC}") = "CLIM Demo", "CLIM Demo\CLIM Demo.csproj", "{E0D6A426-FA92-4147-A339-3BA103838544}"
EndProject
Global
	GlobalSection(SolutionConfigurationPlatforms) = preSolution
		Debug|Any CPU = Debug|Any CPU
		Release|Any CPU = Release|Any CPU
	EndGlobalSection
	GlobalSection(ProjectConfigurationPlatforms) = postSolution
		{402F388A-DC96-429B-A921-21AD0F09BF0F}.Debug|Any CPU.ActiveCfg = Debug|Any CPU
		{402F388A-DC96-429B-A921-21AD0F09BF0F}.Debug|Any CPU.Build.0 = Debug|Any CPU
		{402F388A-DC96-429B-A921-21AD0F09BF0F}.Release|Any CPU.ActiveCfg = Release|Any CPU
		{402F388A-DC96-429B-A921-21AD0F09BF0F}.Release|Any CPU.Build.0 = Release|Any CPU
		{E0D6A426-FA92-4147-A339-3BA103838544}.Debug|Any CPU.ActiveCfg = Debug|Any CPU
		{E0D6A426-FA92-4147-A339-3BA103838544}.Debug|Any CPU.Build.0 = Debug|Any CPU
		{E0D6A426-FA92-4147-A339-3BA103838544}.Release|Any CPU.ActiveCfg = Release|Any CPU
		{E0D6A426-FA92-4147-A339-3BA103838544}.Release|Any CPU.Build.0 = Release|Any CPU
	EndGlobalSection
	GlobalSection(SolutionProperties) = preSolution
		HideSolutionNode = FALSE
	EndGlobalSection
	GlobalSection(ExtensibilityGlobals) = postSolution
		SolutionGuid = {63FD781A-57FB-499A-ACF0-EB496EA2BDAF}
	EndGlobalSection
EndGlobal
